# This file is autogenerated, do not edit; changes may be undone by the next 'dep ensure'.


[[projects]]
  branch = "master"
  name = "github.com/texttheater/golang-levenshtein"
  packages = ["levenshtein"]
  revision = "1a14278c506abae7c17b3cb0b84ae863c7300454"

[solve-meta]
  analyzer-name = "dep"
  analyzer-version = 1
  inputs-digest = "dce00ec8a66d6b7306d4be88985cc6f5b3a4fde11ecbc68f176017b025900e14"
  solver-name = "gps-cdcl"
  solver-version = 1
